
Microsoft Visual Studio Solution File, Format Version 12.00
Project("{FAE04EC0-301F-11D3-BF4B-00C04F79EFBC}") = "lab3_cc", "lab3_cc\lab3_cc.csproj", "{B067D1AB-A76A-4A80-AAFA-9B29A980D829}"
EndProject
Global
	GlobalSection(SolutionConfigurationPlatforms) = preSolution
		Debug|Any CPU = Debug|Any CPU
		Release|Any CPU = Release|Any CPU
	EndGlobalSection
	GlobalSection(ProjectConfigurationPlatforms) = postSolution
		{B067D1AB-A76A-4A80-AAFA-9B29A980D829}.Debug|Any CPU.ActiveCfg = Debug|Any CPU
		{B067D1AB-A76A-4A80-AAFA-9B29A980D829}.Debug|Any CPU.Build.0 = Debug|Any CPU
		{B067D1AB-A76A-4A80-AAFA-9B29A980D829}.Release|Any CPU.ActiveCfg = Release|Any CPU
		{B067D1AB-A76A-4A80-AAFA-9B29A980D829}.Release|Any CPU.Build.0 = Release|Any CPU
	EndGlobalSection
EndGlobal
