
Microsoft Visual Studio Solution File, Format Version 12.00
# Visual Studio Version 16
VisualStudioVersion = 16.0.28803.452
MinimumVisualStudioVersion = 10.0.40219.1
Project("{FAE04EC0-301F-11D3-BF4B-00C04F79EFBC}") = "lab4_worker_ui", "lab4_worker_ui\lab4_worker_ui.csproj", "{60FBA857-51CC-432C-A380-D8DE165062F7}"
EndProject
Global
	GlobalSection(SolutionConfigurationPlatforms) = preSolution
		Debug|Any CPU = Debug|Any CPU
		Release|Any CPU = Release|Any CPU
	EndGlobalSection
	GlobalSection(ProjectConfigurationPlatforms) = postSolution
		{60FBA857-51CC-432C-A380-D8DE165062F7}.Debug|Any CPU.ActiveCfg = Debug|Any CPU
		{60FBA857-51CC-432C-A380-D8DE165062F7}.Debug|Any CPU.Build.0 = Debug|Any CPU
		{60FBA857-51CC-432C-A380-D8DE165062F7}.Release|Any CPU.ActiveCfg = Release|Any CPU
		{60FBA857-51CC-432C-A380-D8DE165062F7}.Release|Any CPU.Build.0 = Release|Any CPU
	EndGlobalSection
	GlobalSection(SolutionProperties) = preSolution
		HideSolutionNode = FALSE
	EndGlobalSection
	GlobalSection(ExtensibilityGlobals) = postSolution
		SolutionGuid = {BDB5E59F-B659-4F4D-9629-31E3315B41AF}
	EndGlobalSection
EndGlobal
