
Microsoft Visual Studio Solution File, Format Version 12.00
# Visual Studio Version 16
VisualStudioVersion = 16.0.28803.352
MinimumVisualStudioVersion = 10.0.40219.1
Project("{FAE04EC0-301F-11D3-BF4B-00C04F79EFBC}") = "test", "test\test.csproj", "{97105506-336E-454D-A4AB-A600C97D312C}"
EndProject
Global
	GlobalSection(SolutionConfigurationPlatforms) = preSolution
		Debug|Any CPU = Debug|Any CPU
		Release|Any CPU = Release|Any CPU
	EndGlobalSection
	GlobalSection(ProjectConfigurationPlatforms) = postSolution
		{97105506-336E-454D-A4AB-A600C97D312C}.Debug|Any CPU.ActiveCfg = Debug|Any CPU
		{97105506-336E-454D-A4AB-A600C97D312C}.Debug|Any CPU.Build.0 = Debug|Any CPU
		{97105506-336E-454D-A4AB-A600C97D312C}.Release|Any CPU.ActiveCfg = Release|Any CPU
		{97105506-336E-454D-A4AB-A600C97D312C}.Release|Any CPU.Build.0 = Release|Any CPU
	EndGlobalSection
	GlobalSection(SolutionProperties) = preSolution
		HideSolutionNode = FALSE
	EndGlobalSection
	GlobalSection(ExtensibilityGlobals) = postSolution
		SolutionGuid = {7D2BA8A8-CA7C-464C-BD2C-F5257A64736C}
	EndGlobalSection
EndGlobal
